
Microsoft Visual Studio Solution File, Format Version 12.00
# Visual Studio 2013
VisualStudioVersion = 12.0.31101.0
MinimumVisualStudioVersion = 10.0.40219.1
Project("{2150E333-8FDC-42A3-9474-1A3956D46DE8}") = ".nuget", ".nuget", "{CB3E99FF-DA1D-4153-919F-A3F7C0C3F867}"
	ProjectSection(SolutionItems) = preProject
		.nuget\NuGet.Config = .nuget\NuGet.Config
		.nuget\NuGet.exe = .nuget\NuGet.exe
		.nuget\NuGet.targets = .nuget\NuGet.targets
		README.md = README.md
	EndProjectSection
EndProject
Project("{FAE04EC0-301F-11D3-BF4B-00C04F79EFBC}") = "HueBot", "HueBot\HueBot.csproj", "{FFCB244B-99D6-4E78-BA24-DA0B0F5E4AAC}"
EndProject
Global
	GlobalSection(SolutionConfigurationPlatforms) = preSolution
		Debug|Any CPU = Debug|Any CPU
		Debug|Mixed Platforms = Debug|Mixed Platforms
		Debug|x86 = Debug|x86
		Release|Any CPU = Release|Any CPU
		Release|Mixed Platforms = Release|Mixed Platforms
		Release|x86 = Release|x86
		Release64|Any CPU = Release64|Any CPU
		Release64|Mixed Platforms = Release64|Mixed Platforms
		Release64|x86 = Release64|x86
	EndGlobalSection
	GlobalSection(ProjectConfigurationPlatforms) = postSolution
		{FFCB244B-99D6-4E78-BA24-DA0B0F5E4AAC}.Debug|Any CPU.ActiveCfg = Debug|x86
		{FFCB244B-99D6-4E78-BA24-DA0B0F5E4AAC}.Debug|Any CPU.Build.0 = Debug|x86
		{FFCB244B-99D6-4E78-BA24-DA0B0F5E4AAC}.Debug|Mixed Platforms.ActiveCfg = Debug|x86
		{FFCB244B-99D6-4E78-BA24-DA0B0F5E4AAC}.Debug|Mixed Platforms.Build.0 = Debug|x86
		{FFCB244B-99D6-4E78-BA24-DA0B0F5E4AAC}.Debug|x86.ActiveCfg = Debug|x86
		{FFCB244B-99D6-4E78-BA24-DA0B0F5E4AAC}.Debug|x86.Build.0 = Debug|x86
		{FFCB244B-99D6-4E78-BA24-DA0B0F5E4AAC}.Release|Any CPU.ActiveCfg = Release|x86
		{FFCB244B-99D6-4E78-BA24-DA0B0F5E4AAC}.Release|Mixed Platforms.ActiveCfg = Release|x86
		{FFCB244B-99D6-4E78-BA24-DA0B0F5E4AAC}.Release|Mixed Platforms.Build.0 = Release|x86
		{FFCB244B-99D6-4E78-BA24-DA0B0F5E4AAC}.Release|x86.ActiveCfg = Release|x86
		{FFCB244B-99D6-4E78-BA24-DA0B0F5E4AAC}.Release|x86.Build.0 = Release|x86
		{FFCB244B-99D6-4E78-BA24-DA0B0F5E4AAC}.Release64|Any CPU.ActiveCfg = Release|x86
		{FFCB244B-99D6-4E78-BA24-DA0B0F5E4AAC}.Release64|Mixed Platforms.ActiveCfg = Release|x86
		{FFCB244B-99D6-4E78-BA24-DA0B0F5E4AAC}.Release64|Mixed Platforms.Build.0 = Release|x86
		{FFCB244B-99D6-4E78-BA24-DA0B0F5E4AAC}.Release64|x86.ActiveCfg = Release|x86
		{FFCB244B-99D6-4E78-BA24-DA0B0F5E4AAC}.Release64|x86.Build.0 = Release|x86
	EndGlobalSection
	GlobalSection(SolutionProperties) = preSolution
		HideSolutionNode = FALSE
	EndGlobalSection
	GlobalSection(TestCaseManagementSettings) = postSolution
		CategoryFile = XMPP_bot.vsmdi
	EndGlobalSection
EndGlobal
